<?xml version="1.0" encoding="utf-8"?>
<Project ToolsVersion="16.0" xmlns="http://schemas.microsoft.com/developer/msbuild/2003">
  <ItemGroup>
    <ClCompile Include="compiler\translator\ASTMetadataHLSL.cpp">
      <Filter>Source Files</Filter>
    </ClCompile>
    <ClCompile Include="compiler\translator\AtomicCounterFunctionHLSL.cpp">
      <Filter>Source Files</Filter>
    </ClCompile>
    <ClCompile Include="compiler\translator\BuiltInFunctionEmulator.cpp">
      <Filter>Source Files</Filter>
    </ClCompile>
    <ClCompile Include="compiler\translator\BuiltInFunctionEmulatorGLSL.cpp">
      <Filter>Source Files</Filter>
    </ClCompile>
    <ClCompile Include="compiler\translator\BuiltInFunctionEmulatorHLSL.cpp">
      <Filter>Source Files</Filter>
    </ClCompile>
    <ClCompile Include="compiler\translator\BuiltinsWorkaroundGLSL.cpp">
      <Filter>Source Files</Filter>
    </ClCompile>
    <ClCompile Include="compiler\translator\CallDAG.cpp">
      <Filter>Source Files</Filter>
    </ClCompile>
    <ClCompile Include="compiler\translator\CodeGen.cpp">
      <Filter>Source Files</Filter>
    </ClCompile>
    <ClCompile Include="compiler\translator\CollectVariables.cpp">
      <Filter>Source Files</Filter>
    </ClCompile>
    <ClCompile Include="compiler\translator\Compiler.cpp">
      <Filter>Source Files</Filter>
    </ClCompile>
    <ClCompile Include="compiler\translator\ConstantUnion.cpp">
      <Filter>Source Files</Filter>
    </ClCompile>
    <ClCompile Include="compiler\translator\Declarator.cpp">
      <Filter>Source Files</Filter>
    </ClCompile>
    <ClCompile Include="compiler\translator\Diagnostics.cpp">
      <Filter>Source Files</Filter>
    </ClCompile>
    <ClCompile Include="compiler\translator\DirectiveHandler.cpp">
      <Filter>Source Files</Filter>
    </ClCompile>
    <ClCompile Include="compiler\translator\ExtensionBehavior.cpp">
      <Filter>Source Files</Filter>
    </ClCompile>
    <ClCompile Include="compiler\translator\ExtensionGLSL.cpp">
      <Filter>Source Files</Filter>
    </ClCompile>
    <ClCompile Include="compiler\translator\FlagStd140Structs.cpp">
      <Filter>Source Files</Filter>
    </ClCompile>
    <ClCompile Include="compiler\translator\FunctionLookup.cpp">
      <Filter>Source Files</Filter>
    </ClCompile>
    <ClCompile Include="compiler\translator\HashNames.cpp">
      <Filter>Source Files</Filter>
    </ClCompile>
    <ClCompile Include="compiler\translator\ImageFunctionHLSL.cpp">
      <Filter>Source Files</Filter>
    </ClCompile>
    <ClCompile Include="compiler\translator\ImmutableStringBuilder.cpp">
      <Filter>Source Files</Filter>
    </ClCompile>
    <ClCompile Include="compiler\translator\ImmutableString_ESSL_autogen.cpp">
      <Filter>Source Files</Filter>
    </ClCompile>
    <ClCompile Include="compiler\translator\ImmutableString_autogen.cpp">
      <Filter>Source Files</Filter>
    </ClCompile>
    <ClCompile Include="compiler\translator\InfoSink.cpp">
      <Filter>Source Files</Filter>
    </ClCompile>
    <ClCompile Include="compiler\translator\Initialize.cpp">
      <Filter>Source Files</Filter>
    </ClCompile>
    <ClCompile Include="compiler\translator\InitializeDll.cpp">
      <Filter>Source Files</Filter>
    </ClCompile>
    <ClCompile Include="compiler\translator\IntermNode.cpp">
      <Filter>Source Files</Filter>
    </ClCompile>
    <ClCompile Include="compiler\translator\IsASTDepthBelowLimit.cpp">
      <Filter>Source Files</Filter>
    </ClCompile>
    <ClCompile Include="compiler\translator\Operator.cpp">
      <Filter>Source Files</Filter>
    </ClCompile>
    <ClCompile Include="compiler\translator\OutputESSL.cpp">
      <Filter>Source Files</Filter>
    </ClCompile>
    <ClCompile Include="compiler\translator\OutputGLSL.cpp">
      <Filter>Source Files</Filter>
    </ClCompile>
    <ClCompile Include="compiler\translator\OutputGLSLBase.cpp">
      <Filter>Source Files</Filter>
    </ClCompile>
    <ClCompile Include="compiler\translator\OutputHLSL.cpp">
      <Filter>Source Files</Filter>
    </ClCompile>
    <ClCompile Include="compiler\translator\OutputTree.cpp">
      <Filter>Source Files</Filter>
    </ClCompile>
    <ClCompile Include="compiler\translator\OutputVulkanGLSL.cpp">
      <Filter>Source Files</Filter>
    </ClCompile>
    <ClCompile Include="compiler\translator\ParseContext.cpp">
      <Filter>Source Files</Filter>
    </ClCompile>
    <ClCompile Include="compiler\translator\PoolAlloc.cpp">
      <Filter>Source Files</Filter>
    </ClCompile>
    <ClCompile Include="compiler\translator\QualifierTypes.cpp">
      <Filter>Source Files</Filter>
    </ClCompile>
    <ClCompile Include="compiler\translator\ResourcesHLSL.cpp">
      <Filter>Source Files</Filter>
    </ClCompile>
    <ClCompile Include="compiler\translator\ShaderLang.cpp">
      <Filter>Source Files</Filter>
    </ClCompile>
    <ClCompile Include="compiler\translator\ShaderStorageBlockFunctionHLSL.cpp">
      <Filter>Source Files</Filter>
    </ClCompile>
    <ClCompile Include="compiler\translator\ShaderStorageBlockOutputHLSL.cpp">
      <Filter>Source Files</Filter>
    </ClCompile>
    <ClCompile Include="compiler\translator\ShaderVars.cpp">
      <Filter>Source Files</Filter>
    </ClCompile>
    <ClCompile Include="compiler\translator\StructureHLSL.cpp">
      <Filter>Source Files</Filter>
    </ClCompile>
    <ClCompile Include="compiler\translator\Symbol.cpp">
      <Filter>Source Files</Filter>
    </ClCompile>
    <ClCompile Include="compiler\translator\SymbolTable.cpp">
      <Filter>Source Files</Filter>
    </ClCompile>
    <ClCompile Include="compiler\translator\SymbolTable_ESSL_autogen.cpp">
      <Filter>Source Files</Filter>
    </ClCompile>
    <ClCompile Include="compiler\translator\SymbolTable_autogen.cpp">
      <Filter>Source Files</Filter>
    </ClCompile>
    <ClCompile Include="compiler\translator\SymbolUniqueId.cpp">
      <Filter>Source Files</Filter>
    </ClCompile>
    <ClCompile Include="compiler\translator\TextureFunctionHLSL.cpp">
      <Filter>Source Files</Filter>
    </ClCompile>
    <ClCompile Include="compiler\translator\TranslatorESSL.cpp">
      <Filter>Source Files</Filter>
    </ClCompile>
    <ClCompile Include="compiler\translator\TranslatorGLSL.cpp">
      <Filter>Source Files</Filter>
    </ClCompile>
    <ClCompile Include="compiler\translator\TranslatorHLSL.cpp">
      <Filter>Source Files</Filter>
    </ClCompile>
    <ClCompile Include="compiler\translator\TranslatorMetal.cpp">
      <Filter>Source Files</Filter>
    </ClCompile>
    <ClCompile Include="compiler\translator\TranslatorVulkan.cpp">
      <Filter>Source Files</Filter>
    </ClCompile>
    <ClCompile Include="compiler\translator\Types.cpp">
      <Filter>Source Files</Filter>
    </ClCompile>
    <ClCompile Include="compiler\translator\UtilsHLSL.cpp">
      <Filter>Source Files</Filter>
    </ClCompile>
    <ClCompile Include="compiler\translator\ValidateAST.cpp">
      <Filter>Source Files</Filter>
    </ClCompile>
    <ClCompile Include="compiler\translator\ValidateGlobalInitializer.cpp">
      <Filter>Source Files</Filter>
    </ClCompile>
    <ClCompile Include="compiler\translator\ValidateLimitations.cpp">
      <Filter>Source Files</Filter>
    </ClCompile>
    <ClCompile Include="compiler\translator\ValidateMaxParameters.cpp">
      <Filter>Source Files</Filter>
    </ClCompile>
    <ClCompile Include="compiler\translator\ValidateOutputs.cpp">
      <Filter>Source Files</Filter>
    </ClCompile>
    <ClCompile Include="compiler\translator\ValidateSwitch.cpp">
      <Filter>Source Files</Filter>
    </ClCompile>
    <ClCompile Include="compiler\translator\ValidateVaryingLocations.cpp">
      <Filter>Source Files</Filter>
    </ClCompile>
    <ClCompile Include="compiler\translator\VariablePacker.cpp">
      <Filter>Source Files</Filter>
    </ClCompile>
    <ClCompile Include="compiler\translator\VersionGLSL.cpp">
      <Filter>Source Files</Filter>
    </ClCompile>
    <ClCompile Include="compiler\translator\blocklayout.cpp">
      <Filter>Source Files</Filter>
    </ClCompile>
    <ClCompile Include="compiler\translator\blocklayoutHLSL.cpp">
      <Filter>Source Files</Filter>
    </ClCompile>
    <ClCompile Include="compiler\translator\emulated_builtin_functions_hlsl_autogen.cpp">
      <Filter>Source Files</Filter>
    </ClCompile>
    <ClCompile Include="compiler\translator\glslang_lex_autogen.cpp">
      <Filter>Source Files</Filter>
    </ClCompile>
    <ClCompile Include="compiler\translator\glslang_tab_autogen.cpp">
      <Filter>Source Files</Filter>
    </ClCompile>
    <ClCompile Include="compiler\translator\tree_ops\AddAndTrueToLoopCondition.cpp">
      <Filter>Source Files</Filter>
    </ClCompile>
    <ClCompile Include="compiler\translator\tree_ops\AddDefaultReturnStatements.cpp">
      <Filter>Source Files</Filter>
    </ClCompile>
    <ClCompile Include="compiler\translator\tree_ops\ArrayReturnValueToOutParameter.cpp">
      <Filter>Source Files</Filter>
    </ClCompile>
    <ClCompile Include="compiler\translator\tree_ops\BreakVariableAliasingInInnerLoops.cpp">
      <Filter>Source Files</Filter>
    </ClCompile>
    <ClCompile Include="compiler\translator\tree_ops\ClampFragDepth.cpp">
      <Filter>Source Files</Filter>
    </ClCompile>
    <ClCompile Include="compiler\translator\tree_ops\ClampPointSize.cpp">
      <Filter>Source Files</Filter>
    </ClCompile>
    <ClCompile Include="compiler\translator\tree_ops\DeclareAndInitBuiltinsForInstancedMultiview.cpp">
      <Filter>Source Files</Filter>
    </ClCompile>
    <ClCompile Include="compiler\translator\tree_ops\DeferGlobalInitializers.cpp">
      <Filter>Source Files</Filter>
    </ClCompile>
    <ClCompile Include="compiler\translator\tree_ops\EmulateGLFragColorBroadcast.cpp">
      <Filter>Source Files</Filter>
    </ClCompile>
    <ClCompile Include="compiler\translator\tree_ops\EmulateMultiDrawShaderBuiltins.cpp">
      <Filter>Source Files</Filter>
    </ClCompile>
    <ClCompile Include="compiler\translator\tree_ops\EmulatePrecision.cpp">
      <Filter>Source Files</Filter>
    </ClCompile>
    <ClCompile Include="compiler\translator\tree_ops\ExpandIntegerPowExpressions.cpp">
      <Filter>Source Files</Filter>
    </ClCompile>
    <ClCompile Include="compiler\translator\tree_ops\FoldExpressions.cpp">
      <Filter>Source Files</Filter>
    </ClCompile>
    <ClCompile Include="compiler\translator\tree_ops\InitializeVariables.cpp">
      <Filter>Source Files</Filter>
    </ClCompile>
    <ClCompile Include="compiler\translator\tree_ops\NameEmbeddedUniformStructs.cpp">
      <Filter>Source Files</Filter>
    </ClCompile>
    <ClCompile Include="compiler\translator\tree_ops\NameNamelessUniformBuffers.cpp">
      <Filter>Source Files</Filter>
    </ClCompile>
    <ClCompile Include="compiler\translator\tree_ops\PruneEmptyCases.cpp">
      <Filter>Source Files</Filter>
    </ClCompile>
    <ClCompile Include="compiler\translator\tree_ops\PruneNoOps.cpp">
      <Filter>Source Files</Filter>
    </ClCompile>
    <ClCompile Include="compiler\translator\tree_ops\RecordConstantPrecision.cpp">
      <Filter>Source Files</Filter>
    </ClCompile>
    <ClCompile Include="compiler\translator\tree_ops\RegenerateStructNames.cpp">
      <Filter>Source Files</Filter>
    </ClCompile>
    <ClCompile Include="compiler\translator\tree_ops\RemoveArrayLengthMethod.cpp">
      <Filter>Source Files</Filter>
    </ClCompile>
    <ClCompile Include="compiler\translator\tree_ops\RemoveDynamicIndexing.cpp">
      <Filter>Source Files</Filter>
    </ClCompile>
    <ClCompile Include="compiler\translator\tree_ops\RemoveInactiveInterfaceVariables.cpp">
      <Filter>Source Files</Filter>
    </ClCompile>
    <ClCompile Include="compiler\translator\tree_ops\RemoveInvariantDeclaration.cpp">
      <Filter>Source Files</Filter>
    </ClCompile>
    <ClCompile Include="compiler\translator\tree_ops\RemovePow.cpp">
      <Filter>Source Files</Filter>
    </ClCompile>
    <ClCompile Include="compiler\translator\tree_ops\RemoveSwitchFallThrough.cpp">
      <Filter>Source Files</Filter>
    </ClCompile>
    <ClCompile Include="compiler\translator\tree_ops\RemoveUnreferencedVariables.cpp">
      <Filter>Source Files</Filter>
    </ClCompile>
    <ClCompile Include="compiler\translator\tree_ops\RewriteAtomicCounters.cpp">
      <Filter>Source Files</Filter>
    </ClCompile>
    <ClCompile Include="compiler\translator\tree_ops\RewriteAtomicFunctionExpressions.cpp">
      <Filter>Source Files</Filter>
    </ClCompile>
    <ClCompile Include="compiler\translator\tree_ops\RewriteCubeMapSamplersAs2DArray.cpp">
      <Filter>Source Files</Filter>
    </ClCompile>
    <ClCompile Include="compiler\translator\tree_ops\RewriteDfdy.cpp">
      <Filter>Source Files</Filter>
    </ClCompile>
    <ClCompile Include="compiler\translator\tree_ops\RewriteDoWhile.cpp">
      <Filter>Source Files</Filter>
    </ClCompile>
    <ClCompile Include="compiler\translator\tree_ops\RewriteElseBlocks.cpp">
      <Filter>Source Files</Filter>
    </ClCompile>
    <ClCompile Include="compiler\translator\tree_ops\RewriteExpressionsWithShaderStorageBlock.cpp">
      <Filter>Source Files</Filter>
    </ClCompile>
    <ClCompile Include="compiler\translator\tree_ops\RewriteRepeatedAssignToSwizzled.cpp">
      <Filter>Source Files</Filter>
    </ClCompile>
    <ClCompile Include="compiler\translator\tree_ops\RewriteRowMajorMatrices.cpp">
      <Filter>Source Files</Filter>
    </ClCompile>
    <ClCompile Include="compiler\translator\tree_ops\RewriteStructSamplers.cpp">
      <Filter>Source Files</Filter>
    </ClCompile>
    <ClCompile Include="compiler\translator\tree_ops\RewriteStructSamplersOld.cpp">
      <Filter>Source Files</Filter>
    </ClCompile>
    <ClCompile Include="compiler\translator\tree_ops\RewriteTexelFetchOffset.cpp">
      <Filter>Source Files</Filter>
    </ClCompile>
    <ClCompile Include="compiler\translator\tree_ops\RewriteUnaryMinusOperatorFloat.cpp">
      <Filter>Source Files</Filter>
    </ClCompile>
    <ClCompile Include="compiler\translator\tree_ops\RewriteUnaryMinusOperatorInt.cpp">
      <Filter>Source Files</Filter>
    </ClCompile>
    <ClCompile Include="compiler\translator\tree_ops\ScalarizeVecAndMatConstructorArgs.cpp">
      <Filter>Source Files</Filter>
    </ClCompile>
    <ClCompile Include="compiler\translator\tree_ops\SeparateArrayConstructorStatements.cpp">
      <Filter>Source Files</Filter>
    </ClCompile>
    <ClCompile Include="compiler\translator\tree_ops\SeparateArrayInitialization.cpp">
      <Filter>Source Files</Filter>
    </ClCompile>
    <ClCompile Include="compiler\translator\tree_ops\SeparateDeclarations.cpp">
      <Filter>Source Files</Filter>
    </ClCompile>
    <ClCompile Include="compiler\translator\tree_ops\SeparateExpressionsReturningArrays.cpp">
      <Filter>Source Files</Filter>
    </ClCompile>
    <ClCompile Include="compiler\translator\tree_ops\SimplifyLoopConditions.cpp">
      <Filter>Source Files</Filter>
    </ClCompile>
    <ClCompile Include="compiler\translator\tree_ops\SplitSequenceOperator.cpp">
      <Filter>Source Files</Filter>
    </ClCompile>
    <ClCompile Include="compiler\translator\tree_ops\UnfoldShortCircuitAST.cpp">
      <Filter>Source Files</Filter>
    </ClCompile>
    <ClCompile Include="compiler\translator\tree_ops\UnfoldShortCircuitToIf.cpp">
      <Filter>Source Files</Filter>
    </ClCompile>
    <ClCompile Include="compiler\translator\tree_ops\UseInterfaceBlockFields.cpp">
      <Filter>Source Files</Filter>
    </ClCompile>
    <ClCompile Include="compiler\translator\tree_ops\VectorizeVectorScalarArithmetic.cpp">
      <Filter>Source Files</Filter>
    </ClCompile>
    <ClCompile Include="compiler\translator\tree_ops\WrapSwitchStatementsInBlocks.cpp">
      <Filter>Source Files</Filter>
    </ClCompile>
    <ClCompile Include="compiler\translator\tree_util\FindFunction.cpp">
      <Filter>Source Files</Filter>
    </ClCompile>
    <ClCompile Include="compiler\translator\tree_util\FindMain.cpp">
      <Filter>Source Files</Filter>
    </ClCompile>
    <ClCompile Include="compiler\translator\tree_util\FindSymbolNode.cpp">
      <Filter>Source Files</Filter>
    </ClCompile>
    <ClCompile Include="compiler\translator\tree_util\IntermNodePatternMatcher.cpp">
      <Filter>Source Files</Filter>
    </ClCompile>
    <ClCompile Include="compiler\translator\tree_util\IntermNode_util.cpp">
      <Filter>Source Files</Filter>
    </ClCompile>
    <ClCompile Include="compiler\translator\tree_util\IntermTraverse.cpp">
      <Filter>Source Files</Filter>
    </ClCompile>
    <ClCompile Include="compiler\translator\tree_util\ReplaceShadowingVariables.cpp">
      <Filter>Source Files</Filter>
    </ClCompile>
    <ClCompile Include="compiler\translator\tree_util\ReplaceVariable.cpp">
      <Filter>Source Files</Filter>
    </ClCompile>
    <ClCompile Include="compiler\translator\tree_util\RunAtTheEndOfShader.cpp">
      <Filter>Source Files</Filter>
    </ClCompile>
    <ClCompile Include="compiler\translator\util.cpp">
      <Filter>Source Files</Filter>
    </ClCompile>
    <ClCompile Include="third_party\compiler\ArrayBoundsClamper.cpp">
      <Filter>Source Files</Filter>
    </ClCompile>
  </ItemGroup>
  <ItemGroup>
    <ClInclude Include="compiler\translator\ASTMetadataHLSL.h">
      <Filter>Header Files</Filter>
    </ClInclude>
    <ClInclude Include="compiler\translator\AtomicCounterFunctionHLSL.h">
      <Filter>Header Files</Filter>
    </ClInclude>
    <ClInclude Include="compiler\translator\BaseTypes.h">
      <Filter>Header Files</Filter>
    </ClInclude>
    <ClInclude Include="compiler\translator\BuiltInFunctionEmulator.h">
      <Filter>Header Files</Filter>
    </ClInclude>
    <ClInclude Include="compiler\translator\BuiltInFunctionEmulatorGLSL.h">
      <Filter>Header Files</Filter>
    </ClInclude>
    <ClInclude Include="compiler\translator\BuiltInFunctionEmulatorHLSL.h">
      <Filter>Header Files</Filter>
    </ClInclude>
    <ClInclude Include="compiler\translator\BuiltinsWorkaroundGLSL.h">
      <Filter>Header Files</Filter>
    </ClInclude>
    <ClInclude Include="compiler\translator\CallDAG.h">
      <Filter>Header Files</Filter>
    </ClInclude>
    <ClInclude Include="compiler\translator\CollectVariables.h">
      <Filter>Header Files</Filter>
    </ClInclude>
    <ClInclude Include="compiler\translator\Common.h">
      <Filter>Header Files</Filter>
    </ClInclude>
    <ClInclude Include="compiler\translator\Compiler.h">
      <Filter>Header Files</Filter>
    </ClInclude>
    <ClInclude Include="compiler\translator\ConstantUnion.h">
      <Filter>Header Files</Filter>
    </ClInclude>
    <ClInclude Include="compiler\translator\Declarator.h">
      <Filter>Header Files</Filter>
    </ClInclude>
    <ClInclude Include="compiler\translator\Diagnostics.h">
      <Filter>Header Files</Filter>
    </ClInclude>
    <ClInclude Include="compiler\translator\DirectiveHandler.h">
      <Filter>Header Files</Filter>
    </ClInclude>
    <ClInclude Include="compiler\translator\ExtensionBehavior.h">
      <Filter>Header Files</Filter>
    </ClInclude>
    <ClInclude Include="compiler\translator\ExtensionGLSL.h">
      <Filter>Header Files</Filter>
    </ClInclude>
    <ClInclude Include="compiler\translator\FlagStd140Structs.h">
      <Filter>Header Files</Filter>
    </ClInclude>
    <ClInclude Include="compiler\translator\FunctionLookup.h">
      <Filter>Header Files</Filter>
    </ClInclude>
    <ClInclude Include="compiler\translator\HashNames.h">
      <Filter>Header Files</Filter>
    </ClInclude>
    <ClInclude Include="compiler\translator\ImageFunctionHLSL.h">
      <Filter>Header Files</Filter>
    </ClInclude>
    <ClInclude Include="compiler\translator\ImmutableString.h">
      <Filter>Header Files</Filter>
    </ClInclude>
    <ClInclude Include="compiler\translator\ImmutableStringBuilder.h">
      <Filter>Header Files</Filter>
    </ClInclude>
    <ClInclude Include="compiler\translator\InfoSink.h">
      <Filter>Header Files</Filter>
    </ClInclude>
    <ClInclude Include="compiler\translator\Initialize.h">
      <Filter>Header Files</Filter>
    </ClInclude>
    <ClInclude Include="compiler\translator\InitializeDll.h">
      <Filter>Header Files</Filter>
    </ClInclude>
    <ClInclude Include="compiler\translator\InitializeGlobals.h">
      <Filter>Header Files</Filter>
    </ClInclude>
    <ClInclude Include="compiler\translator\IntermNode.h">
      <Filter>Header Files</Filter>
    </ClInclude>
    <ClInclude Include="compiler\translator\IsASTDepthBelowLimit.h">
      <Filter>Header Files</Filter>
    </ClInclude>
    <ClInclude Include="compiler\translator\Operator.h">
      <Filter>Header Files</Filter>
    </ClInclude>
    <ClInclude Include="compiler\translator\OutputESSL.h">
      <Filter>Header Files</Filter>
    </ClInclude>
    <ClInclude Include="compiler\translator\OutputGLSL.h">
      <Filter>Header Files</Filter>
    </ClInclude>
    <ClInclude Include="compiler\translator\OutputGLSLBase.h">
      <Filter>Header Files</Filter>
    </ClInclude>
    <ClInclude Include="compiler\translator\OutputHLSL.h">
      <Filter>Header Files</Filter>
    </ClInclude>
    <ClInclude Include="compiler\translator\OutputTree.h">
      <Filter>Header Files</Filter>
    </ClInclude>
    <ClInclude Include="compiler\translator\OutputVulkanGLSL.h">
      <Filter>Header Files</Filter>
    </ClInclude>
    <ClInclude Include="compiler\translator\OutputVulkanGLSLForMetal.h">
      <Filter>Header Files</Filter>
    </ClInclude>
    <ClInclude Include="compiler\translator\ParseContext.h">
      <Filter>Header Files</Filter>
    </ClInclude>
    <ClInclude Include="compiler\translator\ParseContext_ESSL_autogen.h">
      <Filter>Header Files</Filter>
    </ClInclude>
    <ClInclude Include="compiler\translator\ParseContext_complete_autogen.h">
      <Filter>Header Files</Filter>
    </ClInclude>
    <ClInclude Include="compiler\translator\ParseContext_interm.h">
      <Filter>Header Files</Filter>
    </ClInclude>
    <ClInclude Include="compiler\translator\PoolAlloc.h">
      <Filter>Header Files</Filter>
    </ClInclude>
    <ClInclude Include="compiler\translator\Pragma.h">
      <Filter>Header Files</Filter>
    </ClInclude>
    <ClInclude Include="compiler\translator\QualifierTypes.h">
      <Filter>Header Files</Filter>
    </ClInclude>
    <ClInclude Include="compiler\translator\ResourcesHLSL.h">
      <Filter>Header Files</Filter>
    </ClInclude>
    <ClInclude Include="compiler\translator\Severity.h">
      <Filter>Header Files</Filter>
    </ClInclude>
    <ClInclude Include="compiler\translator\ShaderStorageBlockFunctionHLSL.h">
      <Filter>Header Files</Filter>
    </ClInclude>
    <ClInclude Include="compiler\translator\ShaderStorageBlockOutputHLSL.h">
      <Filter>Header Files</Filter>
    </ClInclude>
    <ClInclude Include="compiler\translator\StaticType.h">
      <Filter>Header Files</Filter>
    </ClInclude>
    <ClInclude Include="compiler\translator\StructureHLSL.h">
      <Filter>Header Files</Filter>
    </ClInclude>
    <ClInclude Include="compiler\translator\Symbol.h">
      <Filter>Header Files</Filter>
    </ClInclude>
    <ClInclude Include="compiler\translator\SymbolTable.h">
      <Filter>Header Files</Filter>
    </ClInclude>
    <ClInclude Include="compiler\translator\SymbolTable_autogen.h">
      <Filter>Header Files</Filter>
    </ClInclude>
    <ClInclude Include="compiler\translator\SymbolUniqueId.h">
      <Filter>Header Files</Filter>
    </ClInclude>
    <ClInclude Include="compiler\translator\TextureFunctionHLSL.h">
      <Filter>Header Files</Filter>
    </ClInclude>
    <ClInclude Include="compiler\translator\TranslatorESSL.h">
      <Filter>Header Files</Filter>
    </ClInclude>
    <ClInclude Include="compiler\translator\TranslatorGLSL.h">
      <Filter>Header Files</Filter>
    </ClInclude>
    <ClInclude Include="compiler\translator\TranslatorHLSL.h">
      <Filter>Header Files</Filter>
    </ClInclude>
    <ClInclude Include="compiler\translator\TranslatorMetal.h">
      <Filter>Header Files</Filter>
    </ClInclude>
    <ClInclude Include="compiler\translator\TranslatorVulkan.h">
      <Filter>Header Files</Filter>
    </ClInclude>
    <ClInclude Include="compiler\translator\Types.h">
      <Filter>Header Files</Filter>
    </ClInclude>
    <ClInclude Include="compiler\translator\UtilsHLSL.h">
      <Filter>Header Files</Filter>
    </ClInclude>
    <ClInclude Include="compiler\translator\ValidateAST.h">
      <Filter>Header Files</Filter>
    </ClInclude>
    <ClInclude Include="compiler\translator\ValidateGlobalInitializer.h">
      <Filter>Header Files</Filter>
    </ClInclude>
    <ClInclude Include="compiler\translator\ValidateLimitations.h">
      <Filter>Header Files</Filter>
    </ClInclude>
    <ClInclude Include="compiler\translator\ValidateMaxParameters.h">
      <Filter>Header Files</Filter>
    </ClInclude>
    <ClInclude Include="compiler\translator\ValidateOutputs.h">
      <Filter>Header Files</Filter>
    </ClInclude>
    <ClInclude Include="compiler\translator\ValidateSwitch.h">
      <Filter>Header Files</Filter>
    </ClInclude>
    <ClInclude Include="compiler\translator\ValidateVaryingLocations.h">
      <Filter>Header Files</Filter>
    </ClInclude>
    <ClInclude Include="compiler\translator\VariablePacker.h">
      <Filter>Header Files</Filter>
    </ClInclude>
    <ClInclude Include="compiler\translator\VersionGLSL.h">
      <Filter>Header Files</Filter>
    </ClInclude>
    <ClInclude Include="compiler\translator\blocklayout.h">
      <Filter>Header Files</Filter>
    </ClInclude>
    <ClInclude Include="compiler\translator\blocklayoutHLSL.h">
      <Filter>Header Files</Filter>
    </ClInclude>
    <ClInclude Include="compiler\translator\glslang.h">
      <Filter>Header Files</Filter>
    </ClInclude>
    <ClInclude Include="compiler\translator\glslang_tab_autogen.h">
      <Filter>Header Files</Filter>
    </ClInclude>
    <ClInclude Include="compiler\translator\length_limits.h">
      <Filter>Header Files</Filter>
    </ClInclude>
    <ClInclude Include="compiler\translator\tree_ops\AddAndTrueToLoopCondition.h">
      <Filter>Header Files</Filter>
    </ClInclude>
    <ClInclude Include="compiler\translator\tree_ops\AddDefaultReturnStatements.h">
      <Filter>Header Files</Filter>
    </ClInclude>
    <ClInclude Include="compiler\translator\tree_ops\ArrayReturnValueToOutParameter.h">
      <Filter>Header Files</Filter>
    </ClInclude>
    <ClInclude Include="compiler\translator\tree_ops\BreakVariableAliasingInInnerLoops.h">
      <Filter>Header Files</Filter>
    </ClInclude>
    <ClInclude Include="compiler\translator\tree_ops\ClampFragDepth.h">
      <Filter>Header Files</Filter>
    </ClInclude>
    <ClInclude Include="compiler\translator\tree_ops\ClampPointSize.h">
      <Filter>Header Files</Filter>
    </ClInclude>
    <ClInclude Include="compiler\translator\tree_ops\DeclareAndInitBuiltinsForInstancedMultiview.h">
      <Filter>Header Files</Filter>
    </ClInclude>
    <ClInclude Include="compiler\translator\tree_ops\DeferGlobalInitializers.h">
      <Filter>Header Files</Filter>
    </ClInclude>
    <ClInclude Include="compiler\translator\tree_ops\EmulateGLFragColorBroadcast.h">
      <Filter>Header Files</Filter>
    </ClInclude>
    <ClInclude Include="compiler\translator\tree_ops\EmulateMultiDrawShaderBuiltins.h">
      <Filter>Header Files</Filter>
    </ClInclude>
    <ClInclude Include="compiler\translator\tree_ops\EmulatePrecision.h">
      <Filter>Header Files</Filter>
    </ClInclude>
    <ClInclude Include="compiler\translator\tree_ops\ExpandIntegerPowExpressions.h">
      <Filter>Header Files</Filter>
    </ClInclude>
    <ClInclude Include="compiler\translator\tree_ops\FoldExpressions.h">
      <Filter>Header Files</Filter>
    </ClInclude>
    <ClInclude Include="compiler\translator\tree_ops\InitializeVariables.h">
      <Filter>Header Files</Filter>
    </ClInclude>
    <ClInclude Include="compiler\translator\tree_ops\NameEmbeddedUniformStructs.h">
      <Filter>Header Files</Filter>
    </ClInclude>
    <ClInclude Include="compiler\translator\tree_ops\NameNamelessUniformBuffers.h">
      <Filter>Header Files</Filter>
    </ClInclude>
    <ClInclude Include="compiler\translator\tree_ops\PruneEmptyCases.h">
      <Filter>Header Files</Filter>
    </ClInclude>
    <ClInclude Include="compiler\translator\tree_ops\PruneNoOps.h">
      <Filter>Header Files</Filter>
    </ClInclude>
    <ClInclude Include="compiler\translator\tree_ops\RecordConstantPrecision.h">
      <Filter>Header Files</Filter>
    </ClInclude>
    <ClInclude Include="compiler\translator\tree_ops\RegenerateStructNames.h">
      <Filter>Header Files</Filter>
    </ClInclude>
    <ClInclude Include="compiler\translator\tree_ops\RemoveArrayLengthMethod.h">
      <Filter>Header Files</Filter>
    </ClInclude>
    <ClInclude Include="compiler\translator\tree_ops\RemoveDynamicIndexing.h">
      <Filter>Header Files</Filter>
    </ClInclude>
    <ClInclude Include="compiler\translator\tree_ops\RemoveInactiveInterfaceVariables.h">
      <Filter>Header Files</Filter>
    </ClInclude>
    <ClInclude Include="compiler\translator\tree_ops\RemoveInvariantDeclaration.h">
      <Filter>Header Files</Filter>
    </ClInclude>
    <ClInclude Include="compiler\translator\tree_ops\RemovePow.h">
      <Filter>Header Files</Filter>
    </ClInclude>
    <ClInclude Include="compiler\translator\tree_ops\RemoveSwitchFallThrough.h">
      <Filter>Header Files</Filter>
    </ClInclude>
    <ClInclude Include="compiler\translator\tree_ops\RemoveUnreferencedVariables.h">
      <Filter>Header Files</Filter>
    </ClInclude>
    <ClInclude Include="compiler\translator\tree_ops\RewriteAtomicCounters.h">
      <Filter>Header Files</Filter>
    </ClInclude>
    <ClInclude Include="compiler\translator\tree_ops\RewriteAtomicFunctionExpressions.h">
      <Filter>Header Files</Filter>
    </ClInclude>
    <ClInclude Include="compiler\translator\tree_ops\RewriteCubeMapSamplersAs2DArray.h">
      <Filter>Header Files</Filter>
    </ClInclude>
    <ClInclude Include="compiler\translator\tree_ops\RewriteDfdy.h">
      <Filter>Header Files</Filter>
    </ClInclude>
    <ClInclude Include="compiler\translator\tree_ops\RewriteDoWhile.h">
      <Filter>Header Files</Filter>
    </ClInclude>
    <ClInclude Include="compiler\translator\tree_ops\RewriteElseBlocks.h">
      <Filter>Header Files</Filter>
    </ClInclude>
    <ClInclude Include="compiler\translator\tree_ops\RewriteExpressionsWithShaderStorageBlock.h">
      <Filter>Header Files</Filter>
    </ClInclude>
    <ClInclude Include="compiler\translator\tree_ops\RewriteRepeatedAssignToSwizzled.h">
      <Filter>Header Files</Filter>
    </ClInclude>
    <ClInclude Include="compiler\translator\tree_ops\RewriteRowMajorMatrices.h">
      <Filter>Header Files</Filter>
    </ClInclude>
    <ClInclude Include="compiler\translator\tree_ops\RewriteStructSamplers.h">
      <Filter>Header Files</Filter>
    </ClInclude>
    <ClInclude Include="compiler\translator\tree_ops\RewriteTexelFetchOffset.h">
      <Filter>Header Files</Filter>
    </ClInclude>
    <ClInclude Include="compiler\translator\tree_ops\RewriteUnaryMinusOperatorFloat.h">
      <Filter>Header Files</Filter>
    </ClInclude>
    <ClInclude Include="compiler\translator\tree_ops\RewriteUnaryMinusOperatorInt.h">
      <Filter>Header Files</Filter>
    </ClInclude>
    <ClInclude Include="compiler\translator\tree_ops\ScalarizeVecAndMatConstructorArgs.h">
      <Filter>Header Files</Filter>
    </ClInclude>
    <ClInclude Include="compiler\translator\tree_ops\SeparateArrayConstructorStatements.h">
      <Filter>Header Files</Filter>
    </ClInclude>
    <ClInclude Include="compiler\translator\tree_ops\SeparateArrayInitialization.h">
      <Filter>Header Files</Filter>
    </ClInclude>
    <ClInclude Include="compiler\translator\tree_ops\SeparateDeclarations.h">
      <Filter>Header Files</Filter>
    </ClInclude>
    <ClInclude Include="compiler\translator\tree_ops\SeparateExpressionsReturningArrays.h">
      <Filter>Header Files</Filter>
    </ClInclude>
    <ClInclude Include="compiler\translator\tree_ops\SimplifyLoopConditions.h">
      <Filter>Header Files</Filter>
    </ClInclude>
    <ClInclude Include="compiler\translator\tree_ops\SplitSequenceOperator.h">
      <Filter>Header Files</Filter>
    </ClInclude>
    <ClInclude Include="compiler\translator\tree_ops\UnfoldShortCircuitAST.h">
      <Filter>Header Files</Filter>
    </ClInclude>
    <ClInclude Include="compiler\translator\tree_ops\UnfoldShortCircuitToIf.h">
      <Filter>Header Files</Filter>
    </ClInclude>
    <ClInclude Include="compiler\translator\tree_ops\UseInterfaceBlockFields.h">
      <Filter>Header Files</Filter>
    </ClInclude>
    <ClInclude Include="compiler\translator\tree_ops\VectorizeVectorScalarArithmetic.h">
      <Filter>Header Files</Filter>
    </ClInclude>
    <ClInclude Include="compiler\translator\tree_ops\WrapSwitchStatementsInBlocks.h">
      <Filter>Header Files</Filter>
    </ClInclude>
    <ClInclude Include="compiler\translator\tree_util\BuiltIn.h">
      <Filter>Header Files</Filter>
    </ClInclude>
    <ClInclude Include="compiler\translator\tree_util\BuiltIn_ESSL_autogen.h">
      <Filter>Header Files</Filter>
    </ClInclude>
    <ClInclude Include="compiler\translator\tree_util\BuiltIn_complete_autogen.h">
      <Filter>Header Files</Filter>
    </ClInclude>
    <ClInclude Include="compiler\translator\tree_util\FindFunction.h">
      <Filter>Header Files</Filter>
    </ClInclude>
    <ClInclude Include="compiler\translator\tree_util\FindMain.h">
      <Filter>Header Files</Filter>
    </ClInclude>
    <ClInclude Include="compiler\translator\tree_util\FindSymbolNode.h">
      <Filter>Header Files</Filter>
    </ClInclude>
    <ClInclude Include="compiler\translator\tree_util\IntermNodePatternMatcher.h">
      <Filter>Header Files</Filter>
    </ClInclude>
    <ClInclude Include="compiler\translator\tree_util\IntermNode_util.h">
      <Filter>Header Files</Filter>
    </ClInclude>
    <ClInclude Include="compiler\translator\tree_util\IntermTraverse.h">
      <Filter>Header Files</Filter>
    </ClInclude>
    <ClInclude Include="compiler\translator\tree_util\NodeSearch.h">
      <Filter>Header Files</Filter>
    </ClInclude>
    <ClInclude Include="compiler\translator\tree_util\ReplaceShadowingVariables.h">
      <Filter>Header Files</Filter>
    </ClInclude>
    <ClInclude Include="compiler\translator\tree_util\ReplaceVariable.h">
      <Filter>Header Files</Filter>
    </ClInclude>
    <ClInclude Include="compiler\translator\tree_util\RunAtTheEndOfShader.h">
      <Filter>Header Files</Filter>
    </ClInclude>
    <ClInclude Include="compiler\translator\tree_util\Visit.h">
      <Filter>Header Files</Filter>
    </ClInclude>
    <ClInclude Include="compiler\translator\util.h">
      <Filter>Header Files</Filter>
    </ClInclude>
  </ItemGroup>
  <ItemGroup>
    <None Include="compiler\translator\glslang.l" />
    <None Include="compiler\translator\glslang.y" />
  </ItemGroup>
  <ItemGroup>
    <Filter Include="Header Files">
      <UniqueIdentifier>{E2AB75E3-DBC2-3F56-83D0-BCE042B88502}</UniqueIdentifier>
    </Filter>
    <Filter Include="Source Files">
      <UniqueIdentifier>{41B44175-B2D7-37D6-84A1-4157C7E136AB}</UniqueIdentifier>
    </Filter>
  </ItemGroup>
</Project>
